
Microsoft Visual Studio Solution File, Format Version 12.00
# Visual Studio Version 17
VisualStudioVersion = 17.5.33502.453
MinimumVisualStudioVersion = 10.0.40219.1
Project("{FAE04EC0-301F-11D3-BF4B-00C04F79EFBC}") = "InvoSYS", "InvoSYS\InvoSYS.csproj", "{46D17E18-8AC8-47EE-9E54-619FECE1E388}"
EndProject
Global
	GlobalSection(SolutionConfigurationPlatforms) = preSolution
		Debug|Any CPU = Debug|Any CPU
		Release|Any CPU = Release|Any CPU
	EndGlobalSection
	GlobalSection(ProjectConfigurationPlatforms) = postSolution
		{46D17E18-8AC8-47EE-9E54-619FECE1E388}.Debug|Any CPU.ActiveCfg = Debug|Any CPU
		{46D17E18-8AC8-47EE-9E54-619FECE1E388}.Debug|Any CPU.Build.0 = Debug|Any CPU
		{46D17E18-8AC8-47EE-9E54-619FECE1E388}.Release|Any CPU.ActiveCfg = Release|Any CPU
		{46D17E18-8AC8-47EE-9E54-619FECE1E388}.Release|Any CPU.Build.0 = Release|Any CPU
	EndGlobalSection
	GlobalSection(SolutionProperties) = preSolution
		HideSolutionNode = FALSE
	EndGlobalSection
	GlobalSection(ExtensibilityGlobals) = postSolution
		SolutionGuid = {DDDDA578-F683-4193-B06E-9AD8E4D3DFCB}
	EndGlobalSection
EndGlobal
